
Microsoft Visual Studio Solution File, Format Version 12.00
# Visual Studio Version 16
VisualStudioVersion = 16.0.29709.97
MinimumVisualStudioVersion = 10.0.40219.1
Project("{FAE04EC0-301F-11D3-BF4B-00C04F79EFBC}") = "Planirovshik-core 3", "Planirovshik-core 3\Planirovshik-core 3.csproj", "{ED81898F-D3A0-48AA-AFFF-2BC002AB94B1}"
EndProject
Global
	GlobalSection(SolutionConfigurationPlatforms) = preSolution
		Debug|Any CPU = Debug|Any CPU
		Release|Any CPU = Release|Any CPU
	EndGlobalSection
	GlobalSection(ProjectConfigurationPlatforms) = postSolution
		{ED81898F-D3A0-48AA-AFFF-2BC002AB94B1}.Debug|Any CPU.ActiveCfg = Debug|Any CPU
		{ED81898F-D3A0-48AA-AFFF-2BC002AB94B1}.Debug|Any CPU.Build.0 = Debug|Any CPU
		{ED81898F-D3A0-48AA-AFFF-2BC002AB94B1}.Release|Any CPU.ActiveCfg = Release|Any CPU
		{ED81898F-D3A0-48AA-AFFF-2BC002AB94B1}.Release|Any CPU.Build.0 = Release|Any CPU
	EndGlobalSection
	GlobalSection(SolutionProperties) = preSolution
		HideSolutionNode = FALSE
	EndGlobalSection
	GlobalSection(ExtensibilityGlobals) = postSolution
		SolutionGuid = {A89274F3-9415-4FE1-84CD-DB58F7C42CF4}
	EndGlobalSection
EndGlobal
